
Microsoft Visual Studio Solution File, Format Version 12.00
# Visual Studio Version 16
VisualStudioVersion = 16.0.30523.141
MinimumVisualStudioVersion = 10.0.40219.1
Project("{2150E333-8FDC-42A3-9474-1A3956D46DE8}") = "Tests", "Tests", "{1B048B4E-313A-4E3E-94D4-7F26BDC0636E}"
EndProject
Project("{FAE04EC0-301F-11D3-BF4B-00C04F79EFBC}") = "LatinTranslator", "LatinTranslator\LatinTranslator.csproj", "{466BEE38-05FB-4C8F-B72F-DCAD3C8947D8}"
EndProject
Global
	GlobalSection(SolutionConfigurationPlatforms) = preSolution
		Debug|Any CPU = Debug|Any CPU
		Release|Any CPU = Release|Any CPU
	EndGlobalSection
	GlobalSection(ProjectConfigurationPlatforms) = postSolution
		{466BEE38-05FB-4C8F-B72F-DCAD3C8947D8}.Debug|Any CPU.ActiveCfg = Debug|Any CPU
		{466BEE38-05FB-4C8F-B72F-DCAD3C8947D8}.Debug|Any CPU.Build.0 = Debug|Any CPU
		{466BEE38-05FB-4C8F-B72F-DCAD3C8947D8}.Release|Any CPU.ActiveCfg = Release|Any CPU
		{466BEE38-05FB-4C8F-B72F-DCAD3C8947D8}.Release|Any CPU.Build.0 = Release|Any CPU
	EndGlobalSection
	GlobalSection(SolutionProperties) = preSolution
		HideSolutionNode = FALSE
	EndGlobalSection
	GlobalSection(ExtensibilityGlobals) = postSolution
		SolutionGuid = {CB3E96A7-79FF-4696-BBC3-0EDECAEE9EE2}
	EndGlobalSection
EndGlobal
